PODS:
  - Alamofire (4.2.0)
  - MRArticleViewController (1.0.6)
  - SwiftyJSON (3.1.3)

DEPENDENCIES:
  - Alamofire
  - MRArticleViewController
  - SwiftyJSON (~> 3.1)

SPEC CHECKSUMS:
  Alamofire: aa2e09d871c9160ac53c90e83c68064a94e3dfbe
  MRArticleViewController: 60dea976500a8be5ee38477678251df8b98588af
  SwiftyJSON: 38a8ea2006779c0fc4c310cb2ee8195327740faf

PODFILE CHECKSUM: d15c23e422b34ccc6ec10adccd4d1012a0c6f9e4

COCOAPODS: 1.1.1
